
Microsoft Visual Studio Solution File, Format Version 12.00
# Visual Studio Version 17
VisualStudioVersion = 17.0.31903.59
MinimumVisualStudioVersion = 10.0.40219.1
Project("{2150E333-8FDC-42A3-9474-1A3956D46DE8}") = "src", "src", "{827E0CD3-B72D-47B6-A68D-7590B98EB39B}"
EndProject
Project("{FAE04EC0-301F-11D3-BF4B-00C04F79EFBC}") = "RocketWiki.AppHost", "src\RocketWiki.AppHost\RocketWiki.AppHost.csproj", "{66ED324F-D25C-4799-ABE3-0874E1E6BB58}"
EndProject
Project("{FAE04EC0-301F-11D3-BF4B-00C04F79EFBC}") = "RocketWiki.Api", "src\RocketWiki.Api\RocketWiki.Api.csproj", "{656C5944-2441-4C4D-8F80-A2717657845E}"
EndProject
Project("{FAE04EC0-301F-11D3-BF4B-00C04F79EFBC}") = "RocketWiki.ServiceDefaults", "src\RocketWiki.ServiceDefaults\RocketWiki.ServiceDefaults.csproj", "{B3698D3C-A2FE-43DE-A708-0FFEE79134F7}"
EndProject
Project("{FAE04EC0-301F-11D3-BF4B-00C04F79EFBC}") = "RocketWiki.Storage", "src\RocketWiki.Storage\RocketWiki.Storage.csproj", "{01ED156B-B91A-4BBC-82F3-8B5E7E0B12DF}"
EndProject
Project("{2150E333-8FDC-42A3-9474-1A3956D46DE8}") = "tests", "tests", "{0AB3BF05-4346-4AA6-1389-037BE0695223}"
EndProject
Project("{FAE04EC0-301F-11D3-BF4B-00C04F79EFBC}") = "RocketWiki.Storage.Tests", "tests\RocketWiki.Storage.Tests\RocketWiki.Storage.Tests.csproj", "{39311E16-579B-4E5E-9821-4A32DBA34759}"
EndProject
Project("{FAE04EC0-301F-11D3-BF4B-00C04F79EFBC}") = "RocketWiki.Api.Tests", "tests\RocketWiki.Api.Tests\RocketWiki.Api.Tests.csproj", "{E42D2596-DBD4-40D7-AF09-563BBA375F7C}"
EndProject
Project("{FAE04EC0-301F-11D3-BF4B-00C04F79EFBC}") = "RocketWiki.Core", "src\RocketWiki.Core\RocketWiki.Core.csproj", "{B3378165-8A4A-4D67-A1CF-A6698A527E4F}"
EndProject
Project("{FAE04EC0-301F-11D3-BF4B-00C04F79EFBC}") = "RocketWiki.Data", "src\RocketWiki.Data\RocketWiki.Data.csproj", "{37E5A06E-36B1-43B9-BED8-3F9020305F0E}"
EndProject
Project("{FAE04EC0-301F-11D3-BF4B-00C04F79EFBC}") = "RocketWiki.Core.Tests", "tests\RocketWiki.Core.Tests\RocketWiki.Core.Tests.csproj", "{F0DFFA9F-825E-4FAC-B2A1-D9F93D92E7B7}"
EndProject
Project("{FAE04EC0-301F-11D3-BF4B-00C04F79EFBC}") = "RocketWiki.Data.Tests", "tests\RocketWiki.Data.Tests\RocketWiki.Data.Tests.csproj", "{E871BCD5-C6BD-486F-A20D-9CB42C7ADE9F}"
EndProject
Project("{FAE04EC0-301F-11D3-BF4B-00C04F79EFBC}") = "RocketWiki.Importer", "src\RocketWiki.Importer\RocketWiki.Importer.csproj", "{59AE5365-5527-464B-AD99-076F0F9B9420}"
EndProject
Project("{FAE04EC0-301F-11D3-BF4B-00C04F79EFBC}") = "RocketWiki.Importer.Tests", "tests\RocketWiki.Importer.Tests\RocketWiki.Importer.Tests.csproj", "{7EA8E451-5D42-4A75-9082-48FB949C62A6}"
EndProject
Global
	GlobalSection(SolutionConfigurationPlatforms) = preSolution
		Debug|Any CPU = Debug|Any CPU
		Debug|x64 = Debug|x64
		Debug|x86 = Debug|x86
		Release|Any CPU = Release|Any CPU
		Release|x64 = Release|x64
		Release|x86 = Release|x86
	EndGlobalSection
	GlobalSection(ProjectConfigurationPlatforms) = postSolution
		{66ED324F-D25C-4799-ABE3-0874E1E6BB58}.Debug|Any CPU.ActiveCfg = Debug|Any CPU
		{66ED324F-D25C-4799-ABE3-0874E1E6BB58}.Debug|Any CPU.Build.0 = Debug|Any CPU
		{66ED324F-D25C-4799-ABE3-0874E1E6BB58}.Debug|x64.ActiveCfg = Debug|Any CPU
		{66ED324F-D25C-4799-ABE3-0874E1E6BB58}.Debug|x64.Build.0 = Debug|Any CPU
		{66ED324F-D25C-4799-ABE3-0874E1E6BB58}.Debug|x86.ActiveCfg = Debug|Any CPU
		{66ED324F-D25C-4799-ABE3-0874E1E6BB58}.Debug|x86.Build.0 = Debug|Any CPU
		{66ED324F-D25C-4799-ABE3-0874E1E6BB58}.Release|Any CPU.ActiveCfg = Release|Any CPU
		{66ED324F-D25C-4799-ABE3-0874E1E6BB58}.Release|Any CPU.Build.0 = Release|Any CPU
		{66ED324F-D25C-4799-ABE3-0874E1E6BB58}.Release|x64.ActiveCfg = Release|Any CPU
		{66ED324F-D25C-4799-ABE3-0874E1E6BB58}.Release|x64.Build.0 = Release|Any CPU
		{66ED324F-D25C-4799-ABE3-0874E1E6BB58}.Release|x86.ActiveCfg = Release|Any CPU
		{66ED324F-D25C-4799-ABE3-0874E1E6BB58}.Release|x86.Build.0 = Release|Any CPU
		{656C5944-2441-4C4D-8F80-A2717657845E}.Debug|Any CPU.ActiveCfg = Debug|Any CPU
		{656C5944-2441-4C4D-8F80-A2717657845E}.Debug|Any CPU.Build.0 = Debug|Any CPU
		{656C5944-2441-4C4D-8F80-A2717657845E}.Debug|x64.ActiveCfg = Debug|Any CPU
		{656C5944-2441-4C4D-8F80-A2717657845E}.Debug|x64.Build.0 = Debug|Any CPU
		{656C5944-2441-4C4D-8F80-A2717657845E}.Debug|x86.ActiveCfg = Debug|Any CPU
		{656C5944-2441-4C4D-8F80-A2717657845E}.Debug|x86.Build.0 = Debug|Any CPU
		{656C5944-2441-4C4D-8F80-A2717657845E}.Release|Any CPU.ActiveCfg = Release|Any CPU
		{656C5944-2441-4C4D-8F80-A2717657845E}.Release|Any CPU.Build.0 = Release|Any CPU
		{656C5944-2441-4C4D-8F80-A2717657845E}.Release|x64.ActiveCfg = Release|Any CPU
		{656C5944-2441-4C4D-8F80-A2717657845E}.Release|x64.Build.0 = Release|Any CPU
		{656C5944-2441-4C4D-8F80-A2717657845E}.Release|x86.ActiveCfg = Release|Any CPU
		{656C5944-2441-4C4D-8F80-A2717657845E}.Release|x86.Build.0 = Release|Any CPU
		{B3698D3C-A2FE-43DE-A708-0FFEE79134F7}.Debug|Any CPU.ActiveCfg = Debug|Any CPU
		{B3698D3C-A2FE-43DE-A708-0FFEE79134F7}.Debug|Any CPU.Build.0 = Debug|Any CPU
		{B3698D3C-A2FE-43DE-A708-0FFEE79134F7}.Debug|x64.ActiveCfg = Debug|Any CPU
		{B3698D3C-A2FE-43DE-A708-0FFEE79134F7}.Debug|x64.Build.0 = Debug|Any CPU
		{B3698D3C-A2FE-43DE-A708-0FFEE79134F7}.Debug|x86.ActiveCfg = Debug|Any CPU
		{B3698D3C-A2FE-43DE-A708-0FFEE79134F7}.Debug|x86.Build.0 = Debug|Any CPU
		{B3698D3C-A2FE-43DE-A708-0FFEE79134F7}.Release|Any CPU.ActiveCfg = Release|Any CPU
		{B3698D3C-A2FE-43DE-A708-0FFEE79134F7}.Release|Any CPU.Build.0 = Release|Any CPU
		{B3698D3C-A2FE-43DE-A708-0FFEE79134F7}.Release|x64.ActiveCfg = Release|Any CPU
		{B3698D3C-A2FE-43DE-A708-0FFEE79134F7}.Release|x64.Build.0 = Release|Any CPU
		{B3698D3C-A2FE-43DE-A708-0FFEE79134F7}.Release|x86.ActiveCfg = Release|Any CPU
		{B3698D3C-A2FE-43DE-A708-0FFEE79134F7}.Release|x86.Build.0 = Release|Any CPU
		{01ED156B-B91A-4BBC-82F3-8B5E7E0B12DF}.Debug|Any CPU.ActiveCfg = Debug|Any CPU
		{01ED156B-B91A-4BBC-82F3-8B5E7E0B12DF}.Debug|Any CPU.Build.0 = Debug|Any CPU
		{01ED156B-B91A-4BBC-82F3-8B5E7E0B12DF}.Debug|x64.ActiveCfg = Debug|Any CPU
		{01ED156B-B91A-4BBC-82F3-8B5E7E0B12DF}.Debug|x64.Build.0 = Debug|Any CPU
		{01ED156B-B91A-4BBC-82F3-8B5E7E0B12DF}.Debug|x86.ActiveCfg = Debug|Any CPU
		{01ED156B-B91A-4BBC-82F3-8B5E7E0B12DF}.Debug|x86.Build.0 = Debug|Any CPU
		{01ED156B-B91A-4BBC-82F3-8B5E7E0B12DF}.Release|Any CPU.ActiveCfg = Release|Any CPU
		{01ED156B-B91A-4BBC-82F3-8B5E7E0B12DF}.Release|Any CPU.Build.0 = Release|Any CPU
		{01ED156B-B91A-4BBC-82F3-8B5E7E0B12DF}.Release|x64.ActiveCfg = Release|Any CPU
		{01ED156B-B91A-4BBC-82F3-8B5E7E0B12DF}.Release|x64.Build.0 = Release|Any CPU
		{01ED156B-B91A-4BBC-82F3-8B5E7E0B12DF}.Release|x86.ActiveCfg = Release|Any CPU
		{01ED156B-B91A-4BBC-82F3-8B5E7E0B12DF}.Release|x86.Build.0 = Release|Any CPU
		{39311E16-579B-4E5E-9821-4A32DBA34759}.Debug|Any CPU.ActiveCfg = Debug|Any CPU
		{39311E16-579B-4E5E-9821-4A32DBA34759}.Debug|Any CPU.Build.0 = Debug|Any CPU
		{39311E16-579B-4E5E-9821-4A32DBA34759}.Debug|x64.ActiveCfg = Debug|Any CPU
		{39311E16-579B-4E5E-9821-4A32DBA34759}.Debug|x64.Build.0 = Debug|Any CPU
		{39311E16-579B-4E5E-9821-4A32DBA34759}.Debug|x86.ActiveCfg = Debug|Any CPU
		{39311E16-579B-4E5E-9821-4A32DBA34759}.Debug|x86.Build.0 = Debug|Any CPU
		{39311E16-579B-4E5E-9821-4A32DBA34759}.Release|Any CPU.ActiveCfg = Release|Any CPU
		{39311E16-579B-4E5E-9821-4A32DBA34759}.Release|Any CPU.Build.0 = Release|Any CPU
		{39311E16-579B-4E5E-9821-4A32DBA34759}.Release|x64.ActiveCfg = Release|Any CPU
		{39311E16-579B-4E5E-9821-4A32DBA34759}.Release|x64.Build.0 = Release|Any CPU
		{39311E16-579B-4E5E-9821-4A32DBA34759}.Release|x86.ActiveCfg = Release|Any CPU
		{39311E16-579B-4E5E-9821-4A32DBA34759}.Release|x86.Build.0 = Release|Any CPU
		{E42D2596-DBD4-40D7-AF09-563BBA375F7C}.Debug|Any CPU.ActiveCfg = Debug|Any CPU
		{E42D2596-DBD4-40D7-AF09-563BBA375F7C}.Debug|Any CPU.Build.0 = Debug|Any CPU
		{E42D2596-DBD4-40D7-AF09-563BBA375F7C}.Debug|x64.ActiveCfg = Debug|Any CPU
		{E42D2596-DBD4-40D7-AF09-563BBA375F7C}.Debug|x64.Build.0 = Debug|Any CPU
		{E42D2596-DBD4-40D7-AF09-563BBA375F7C}.Debug|x86.ActiveCfg = Debug|Any CPU
		{E42D2596-DBD4-40D7-AF09-563BBA375F7C}.Debug|x86.Build.0 = Debug|Any CPU
		{E42D2596-DBD4-40D7-AF09-563BBA375F7C}.Release|Any CPU.ActiveCfg = Release|Any CPU
		{E42D2596-DBD4-40D7-AF09-563BBA375F7C}.Release|Any CPU.Build.0 = Release|Any CPU
		{E42D2596-DBD4-40D7-AF09-563BBA375F7C}.Release|x64.ActiveCfg = Release|Any CPU
		{E42D2596-DBD4-40D7-AF09-563BBA375F7C}.Release|x64.Build.0 = Release|Any CPU
		{E42D2596-DBD4-40D7-AF09-563BBA375F7C}.Release|x86.ActiveCfg = Release|Any CPU
		{E42D2596-DBD4-40D7-AF09-563BBA375F7C}.Release|x86.Build.0 = Release|Any CPU
		{B3378165-8A4A-4D67-A1CF-A6698A527E4F}.Debug|Any CPU.ActiveCfg = Debug|Any CPU
		{B3378165-8A4A-4D67-A1CF-A6698A527E4F}.Debug|Any CPU.Build.0 = Debug|Any CPU
		{B3378165-8A4A-4D67-A1CF-A6698A527E4F}.Debug|x64.ActiveCfg = Debug|Any CPU
		{B3378165-8A4A-4D67-A1CF-A6698A527E4F}.Debug|x64.Build.0 = Debug|Any CPU
		{B3378165-8A4A-4D67-A1CF-A6698A527E4F}.Debug|x86.ActiveCfg = Debug|Any CPU
		{B3378165-8A4A-4D67-A1CF-A6698A527E4F}.Debug|x86.Build.0 = Debug|Any CPU
		{B3378165-8A4A-4D67-A1CF-A6698A527E4F}.Release|Any CPU.ActiveCfg = Release|Any CPU
		{B3378165-8A4A-4D67-A1CF-A6698A527E4F}.Release|Any CPU.Build.0 = Release|Any CPU
		{B3378165-8A4A-4D67-A1CF-A6698A527E4F}.Release|x64.ActiveCfg = Release|Any CPU
		{B3378165-8A4A-4D67-A1CF-A6698A527E4F}.Release|x64.Build.0 = Release|Any CPU
		{B3378165-8A4A-4D67-A1CF-A6698A527E4F}.Release|x86.ActiveCfg = Release|Any CPU
		{B3378165-8A4A-4D67-A1CF-A6698A527E4F}.Release|x86.Build.0 = Release|Any CPU
		{37E5A06E-36B1-43B9-BED8-3F9020305F0E}.Debug|Any CPU.ActiveCfg = Debug|Any CPU
		{37E5A06E-36B1-43B9-BED8-3F9020305F0E}.Debug|Any CPU.Build.0 = Debug|Any CPU
		{37E5A06E-36B1-43B9-BED8-3F9020305F0E}.Debug|x64.ActiveCfg = Debug|Any CPU
		{37E5A06E-36B1-43B9-BED8-3F9020305F0E}.Debug|x64.Build.0 = Debug|Any CPU
		{37E5A06E-36B1-43B9-BED8-3F9020305F0E}.Debug|x86.ActiveCfg = Debug|Any CPU
		{37E5A06E-36B1-43B9-BED8-3F9020305F0E}.Debug|x86.Build.0 = Debug|Any CPU
		{37E5A06E-36B1-43B9-BED8-3F9020305F0E}.Release|Any CPU.ActiveCfg = Release|Any CPU
		{37E5A06E-36B1-43B9-BED8-3F9020305F0E}.Release|Any CPU.Build.0 = Release|Any CPU
		{37E5A06E-36B1-43B9-BED8-3F9020305F0E}.Release|x64.ActiveCfg = Release|Any CPU
		{37E5A06E-36B1-43B9-BED8-3F9020305F0E}.Release|x64.Build.0 = Release|Any CPU
		{37E5A06E-36B1-43B9-BED8-3F9020305F0E}.Release|x86.ActiveCfg = Release|Any CPU
		{37E5A06E-36B1-43B9-BED8-3F9020305F0E}.Release|x86.Build.0 = Release|Any CPU
		{F0DFFA9F-825E-4FAC-B2A1-D9F93D92E7B7}.Debug|Any CPU.ActiveCfg = Debug|Any CPU
		{F0DFFA9F-825E-4FAC-B2A1-D9F93D92E7B7}.Debug|Any CPU.Build.0 = Debug|Any CPU
		{F0DFFA9F-825E-4FAC-B2A1-D9F93D92E7B7}.Debug|x64.ActiveCfg = Debug|Any CPU
		{F0DFFA9F-825E-4FAC-B2A1-D9F93D92E7B7}.Debug|x64.Build.0 = Debug|Any CPU
		{F0DFFA9F-825E-4FAC-B2A1-D9F93D92E7B7}.Debug|x86.ActiveCfg = Debug|Any CPU
		{F0DFFA9F-825E-4FAC-B2A1-D9F93D92E7B7}.Debug|x86.Build.0 = Debug|Any CPU
		{F0DFFA9F-825E-4FAC-B2A1-D9F93D92E7B7}.Release|Any CPU.ActiveCfg = Release|Any CPU
		{F0DFFA9F-825E-4FAC-B2A1-D9F93D92E7B7}.Release|Any CPU.Build.0 = Release|Any CPU
		{F0DFFA9F-825E-4FAC-B2A1-D9F93D92E7B7}.Release|x64.ActiveCfg = Release|Any CPU
		{F0DFFA9F-825E-4FAC-B2A1-D9F93D92E7B7}.Release|x64.Build.0 = Release|Any CPU
		{F0DFFA9F-825E-4FAC-B2A1-D9F93D92E7B7}.Release|x86.ActiveCfg = Release|Any CPU
		{F0DFFA9F-825E-4FAC-B2A1-D9F93D92E7B7}.Release|x86.Build.0 = Release|Any CPU
		{E871BCD5-C6BD-486F-A20D-9CB42C7ADE9F}.Debug|Any CPU.ActiveCfg = Debug|Any CPU
		{E871BCD5-C6BD-486F-A20D-9CB42C7ADE9F}.Debug|Any CPU.Build.0 = Debug|Any CPU
		{E871BCD5-C6BD-486F-A20D-9CB42C7ADE9F}.Debug|x64.ActiveCfg = Debug|Any CPU
		{E871BCD5-C6BD-486F-A20D-9CB42C7ADE9F}.Debug|x64.Build.0 = Debug|Any CPU
		{E871BCD5-C6BD-486F-A20D-9CB42C7ADE9F}.Debug|x86.ActiveCfg = Debug|Any CPU
		{E871BCD5-C6BD-486F-A20D-9CB42C7ADE9F}.Debug|x86.Build.0 = Debug|Any CPU
		{E871BCD5-C6BD-486F-A20D-9CB42C7ADE9F}.Release|Any CPU.ActiveCfg = Release|Any CPU
		{E871BCD5-C6BD-486F-A20D-9CB42C7ADE9F}.Release|Any CPU.Build.0 = Release|Any CPU
		{E871BCD5-C6BD-486F-A20D-9CB42C7ADE9F}.Release|x64.ActiveCfg = Release|Any CPU
		{E871BCD5-C6BD-486F-A20D-9CB42C7ADE9F}.Release|x64.Build.0 = Release|Any CPU
		{E871BCD5-C6BD-486F-A20D-9CB42C7ADE9F}.Release|x86.ActiveCfg = Release|Any CPU
		{E871BCD5-C6BD-486F-A20D-9CB42C7ADE9F}.Release|x86.Build.0 = Release|Any CPU
		{59AE5365-5527-464B-AD99-076F0F9B9420}.Debug|Any CPU.ActiveCfg = Debug|Any CPU
		{59AE5365-5527-464B-AD99-076F0F9B9420}.Debug|Any CPU.Build.0 = Debug|Any CPU
		{59AE5365-5527-464B-AD99-076F0F9B9420}.Debug|x64.ActiveCfg = Debug|Any CPU
		{59AE5365-5527-464B-AD99-076F0F9B9420}.Debug|x64.Build.0 = Debug|Any CPU
		{59AE5365-5527-464B-AD99-076F0F9B9420}.Debug|x86.ActiveCfg = Debug|Any CPU
		{59AE5365-5527-464B-AD99-076F0F9B9420}.Debug|x86.Build.0 = Debug|Any CPU
		{59AE5365-5527-464B-AD99-076F0F9B9420}.Release|Any CPU.ActiveCfg = Release|Any CPU
		{59AE5365-5527-464B-AD99-076F0F9B9420}.Release|Any CPU.Build.0 = Release|Any CPU
		{59AE5365-5527-464B-AD99-076F0F9B9420}.Release|x64.ActiveCfg = Release|Any CPU
		{59AE5365-5527-464B-AD99-076F0F9B9420}.Release|x64.Build.0 = Release|Any CPU
		{59AE5365-5527-464B-AD99-076F0F9B9420}.Release|x86.ActiveCfg = Release|Any CPU
		{59AE5365-5527-464B-AD99-076F0F9B9420}.Release|x86.Build.0 = Release|Any CPU
		{7EA8E451-5D42-4A75-9082-48FB949C62A6}.Debug|Any CPU.ActiveCfg = Debug|Any CPU
		{7EA8E451-5D42-4A75-9082-48FB949C62A6}.Debug|Any CPU.Build.0 = Debug|Any CPU
		{7EA8E451-5D42-4A75-9082-48FB949C62A6}.Debug|x64.ActiveCfg = Debug|Any CPU
		{7EA8E451-5D42-4A75-9082-48FB949C62A6}.Debug|x64.Build.0 = Debug|Any CPU
		{7EA8E451-5D42-4A75-9082-48FB949C62A6}.Debug|x86.ActiveCfg = Debug|Any CPU
		{7EA8E451-5D42-4A75-9082-48FB949C62A6}.Debug|x86.Build.0 = Debug|Any CPU
		{7EA8E451-5D42-4A75-9082-48FB949C62A6}.Release|Any CPU.ActiveCfg = Release|Any CPU
		{7EA8E451-5D42-4A75-9082-48FB949C62A6}.Release|Any CPU.Build.0 = Release|Any CPU
		{7EA8E451-5D42-4A75-9082-48FB949C62A6}.Release|x64.ActiveCfg = Release|Any CPU
		{7EA8E451-5D42-4A75-9082-48FB949C62A6}.Release|x64.Build.0 = Release|Any CPU
		{7EA8E451-5D42-4A75-9082-48FB949C62A6}.Release|x86.ActiveCfg = Release|Any CPU
		{7EA8E451-5D42-4A75-9082-48FB949C62A6}.Release|x86.Build.0 = Release|Any CPU
	EndGlobalSection
	GlobalSection(SolutionProperties) = preSolution
		HideSolutionNode = FALSE
	EndGlobalSection
	GlobalSection(NestedProjects) = preSolution
		{66ED324F-D25C-4799-ABE3-0874E1E6BB58} = {827E0CD3-B72D-47B6-A68D-7590B98EB39B}
		{656C5944-2441-4C4D-8F80-A2717657845E} = {827E0CD3-B72D-47B6-A68D-7590B98EB39B}
		{B3698D3C-A2FE-43DE-A708-0FFEE79134F7} = {827E0CD3-B72D-47B6-A68D-7590B98EB39B}
		{01ED156B-B91A-4BBC-82F3-8B5E7E0B12DF} = {827E0CD3-B72D-47B6-A68D-7590B98EB39B}
		{39311E16-579B-4E5E-9821-4A32DBA34759} = {0AB3BF05-4346-4AA6-1389-037BE0695223}
		{E42D2596-DBD4-40D7-AF09-563BBA375F7C} = {0AB3BF05-4346-4AA6-1389-037BE0695223}
		{B3378165-8A4A-4D67-A1CF-A6698A527E4F} = {827E0CD3-B72D-47B6-A68D-7590B98EB39B}
		{37E5A06E-36B1-43B9-BED8-3F9020305F0E} = {827E0CD3-B72D-47B6-A68D-7590B98EB39B}
		{F0DFFA9F-825E-4FAC-B2A1-D9F93D92E7B7} = {0AB3BF05-4346-4AA6-1389-037BE0695223}
		{E871BCD5-C6BD-486F-A20D-9CB42C7ADE9F} = {0AB3BF05-4346-4AA6-1389-037BE0695223}
		{59AE5365-5527-464B-AD99-076F0F9B9420} = {827E0CD3-B72D-47B6-A68D-7590B98EB39B}
		{7EA8E451-5D42-4A75-9082-48FB949C62A6} = {0AB3BF05-4346-4AA6-1389-037BE0695223}
	EndGlobalSection
EndGlobal
